{
  "originHash" : "53a97d5ea5da59713b4ca0e26a71d3a18cc18887e2ed7881c7f459978b5c301d",
  "pins" : [
    {
      "identity" : "player-sdk-ios",
      "kind" : "remoteSourceControl",
      "location" : "https://github.com/dailymotion/player-sdk-ios",
      "state" : {
        "revision" : "0a38740af0cedb659f538bbc421637ee0ef54730",
        "version" : "1.3.1"
      }
    }
  ],
  "version" : 3
}
